// !$*UTF8*$!
{
	archiveVersion = 1;
	classes = {
	};
	objectVersion = 55;
	objects = {

/* Begin PBXBuildFile section */
		4045A3E2275414C8002BBD88 /* ViewControllerFactory.swift in Sources */ = {isa = PBXBuildFile; fileRef = 4045A3E1275414C7002BBD88 /* ViewControllerFactory.swift */; };
		4045A3E4275414F7002BBD88 /* ViewControllerType.swift in Sources */ = {isa = PBXBuildFile; fileRef = 4045A3E3275414F7002BBD88 /* ViewControllerType.swift */; };
		4045A3E627541583002BBD88 /* ViewControllerTransitionProvider.swift in Sources */ = {isa = PBXBuildFile; fileRef = 4045A3E527541583002BBD88 /* ViewControllerTransitionProvider.swift */; };
		404C78072749905F00139434 /* AppDelegate.swift in Sources */ = {isa = PBXBuildFile; fileRef = 404C78062749905F00139434 /* AppDelegate.swift */; };
		404C78092749905F00139434 /* SceneDelegate.swift in Sources */ = {isa = PBXBuildFile; fileRef = 404C78082749905F00139434 /* SceneDelegate.swift */; };
		404C78102749906100139434 /* Assets.xcassets in Resources */ = {isa = PBXBuildFile; fileRef = 404C780F2749906100139434 /* Assets.xcassets */; };
		404C78132749906100139434 /* LaunchScreen.storyboard in Resources */ = {isa = PBXBuildFile; fileRef = 404C78112749906100139434 /* LaunchScreen.storyboard */; };
		404C781E2749910000139434 /* Routy in Frameworks */ = {isa = PBXBuildFile; productRef = 404C781D2749910000139434 /* Routy */; };
		404C78202749A6A900139434 /* RoutyIOS in Frameworks */ = {isa = PBXBuildFile; productRef = 404C781F2749A6A900139434 /* RoutyIOS */; };
		40922258275CD4CE00F3BC5B /* FakeViewController.swift in Sources */ = {isa = PBXBuildFile; fileRef = 40922257275CD4CE00F3BC5B /* FakeViewController.swift */; };
/* End PBXBuildFile section */

/* Begin PBXFileReference section */
		4045A3E1275414C7002BBD88 /* ViewControllerFactory.swift */ = {isa = PBXFileReference; lastKnownFileType = sourcecode.swift; path = ViewControllerFactory.swift; sourceTree = "<group>"; };
		4045A3E3275414F7002BBD88 /* ViewControllerType.swift */ = {isa = PBXFileReference; lastKnownFileType = sourcecode.swift; path = ViewControllerType.swift; sourceTree = "<group>"; };
		4045A3E527541583002BBD88 /* ViewControllerTransitionProvider.swift */ = {isa = PBXFileReference; lastKnownFileType = sourcecode.swift; path = ViewControllerTransitionProvider.swift; sourceTree = "<group>"; };
		404C78032749905F00139434 /* RoutyDemo.app */ = {isa = PBXFileReference; explicitFileType = wrapper.application; includeInIndex = 0; path = RoutyDemo.app; sourceTree = BUILT_PRODUCTS_DIR; };
		404C78062749905F00139434 /* AppDelegate.swift */ = {isa = PBXFileReference; lastKnownFileType = sourcecode.swift; path = AppDelegate.swift; sourceTree = "<group>"; };
		404C78082749905F00139434 /* SceneDelegate.swift */ = {isa = PBXFileReference; lastKnownFileType = sourcecode.swift; path = SceneDelegate.swift; sourceTree = "<group>"; };
		404C780F2749906100139434 /* Assets.xcassets */ = {isa = PBXFileReference; lastKnownFileType = folder.assetcatalog; path = Assets.xcassets; sourceTree = "<group>"; };
		404C78122749906100139434 /* Base */ = {isa = PBXFileReference; lastKnownFileType = file.storyboard; name = Base; path = Base.lproj/LaunchScreen.storyboard; sourceTree = "<group>"; };
		404C78142749906100139434 /* Info.plist */ = {isa = PBXFileReference; lastKnownFileType = text.plist.xml; path = Info.plist; sourceTree = "<group>"; };
		404C781B2749907D00139434 /* Routy */ = {isa = PBXFileReference; lastKnownFileType = folder; name = Routy; path = ..; sourceTree = "<group>"; };
		40922257275CD4CE00F3BC5B /* FakeViewController.swift */ = {isa = PBXFileReference; lastKnownFileType = sourcecode.swift; path = FakeViewController.swift; sourceTree = "<group>"; };
/* End PBXFileReference section */

/* Begin PBXFrameworksBuildPhase section */
		404C78002749905F00139434 /* Frameworks */ = {
			isa = PBXFrameworksBuildPhase;
			buildActionMask = 2147483647;
			files = (
				404C78202749A6A900139434 /* RoutyIOS in Frameworks */,
				404C781E2749910000139434 /* Routy in Frameworks */,
			);
			runOnlyForDeploymentPostprocessing = 0;
		};
/* End PBXFrameworksBuildPhase section */

/* Begin PBXGroup section */
		404C77FA2749905F00139434 = {
			isa = PBXGroup;
			children = (
				404C781A2749907D00139434 /* Packages */,
				404C78052749905F00139434 /* RoutyDemo */,
				404C78042749905F00139434 /* Products */,
				404C781C2749910000139434 /* Frameworks */,
			);
			sourceTree = "<group>";
		};
		404C78042749905F00139434 /* Products */ = {
			isa = PBXGroup;
			children = (
				404C78032749905F00139434 /* RoutyDemo.app */,
			);
			name = Products;
			sourceTree = "<group>";
		};
		404C78052749905F00139434 /* RoutyDemo */ = {
			isa = PBXGroup;
			children = (
				404C78062749905F00139434 /* AppDelegate.swift */,
				404C78082749905F00139434 /* SceneDelegate.swift */,
				40922257275CD4CE00F3BC5B /* FakeViewController.swift */,
				4045A3E1275414C7002BBD88 /* ViewControllerFactory.swift */,
				4045A3E3275414F7002BBD88 /* ViewControllerType.swift */,
				4045A3E527541583002BBD88 /* ViewControllerTransitionProvider.swift */,
				404C780F2749906100139434 /* Assets.xcassets */,
				404C78112749906100139434 /* LaunchScreen.storyboard */,
				404C78142749906100139434 /* Info.plist */,
			);
			path = RoutyDemo;
			sourceTree = "<group>";
		};
		404C781A2749907D00139434 /* Packages */ = {
			isa = PBXGroup;
			children = (
				404C781B2749907D00139434 /* Routy */,
			);
			name = Packages;
			sourceTree = "<group>";
		};
		404C781C2749910000139434 /* Frameworks */ = {
			isa = PBXGroup;
			children = (
			);
			name = Frameworks;
			sourceTree = "<group>";
		};
/* End PBXGroup section */

/* Begin PBXNativeTarget section */
		404C78022749905F00139434 /* RoutyDemo */ = {
			isa = PBXNativeTarget;
			buildConfigurationList = 404C78172749906100139434 /* Build configuration list for PBXNativeTarget "RoutyDemo" */;
			buildPhases = (
				404C77FF2749905F00139434 /* Sources */,
				404C78002749905F00139434 /* Frameworks */,
				404C78012749905F00139434 /* Resources */,
			);
			buildRules = (
			);
			dependencies = (
			);
			name = RoutyDemo;
			packageProductDependencies = (
				404C781D2749910000139434 /* Routy */,
				404C781F2749A6A900139434 /* RoutyIOS */,
			);
			productName = RoutyDemo;
			productReference = 404C78032749905F00139434 /* RoutyDemo.app */;
			productType = "com.apple.product-type.application";
		};
/* End PBXNativeTarget section */

/* Begin PBXProject section */
		404C77FB2749905F00139434 /* Project object */ = {
			isa = PBXProject;
			attributes = {
				BuildIndependentTargetsInParallel = 1;
				LastSwiftUpdateCheck = 1310;
				LastUpgradeCheck = 1310;
				TargetAttributes = {
					404C78022749905F00139434 = {
						CreatedOnToolsVersion = 13.1;
					};
				};
			};
			buildConfigurationList = 404C77FE2749905F00139434 /* Build configuration list for PBXProject "RoutyDemo" */;
			compatibilityVersion = "Xcode 13.0";
			developmentRegion = en;
			hasScannedForEncodings = 0;
			knownRegions = (
				en,
				Base,
			);
			mainGroup = 404C77FA2749905F00139434;
			productRefGroup = 404C78042749905F00139434 /* Products */;
			projectDirPath = "";
			projectRoot = "";
			targets = (
				404C78022749905F00139434 /* RoutyDemo */,
			);
		};
/* End PBXProject section */

/* Begin PBXResourcesBuildPhase section */
		404C78012749905F00139434 /* Resources */ = {
			isa = PBXResourcesBuildPhase;
			buildActionMask = 2147483647;
			files = (
				404C78132749906100139434 /* LaunchScreen.storyboard in Resources */,
				404C78102749906100139434 /* Assets.xcassets in Resources */,
			);
			runOnlyForDeploymentPostprocessing = 0;
		};
/* End PBXResourcesBuildPhase section */

/* Begin PBXSourcesBuildPhase section */
		404C77FF2749905F00139434 /* Sources */ = {
			isa = PBXSourcesBuildPhase;
			buildActionMask = 2147483647;
			files = (
				40922258275CD4CE00F3BC5B /* FakeViewController.swift in Sources */,
				4045A3E4275414F7002BBD88 /* ViewControllerType.swift in Sources */,
				4045A3E2275414C8002BBD88 /* ViewControllerFactory.swift in Sources */,
				404C78072749905F00139434 /* AppDelegate.swift in Sources */,
				4045A3E627541583002BBD88 /* ViewControllerTransitionProvider.swift in Sources */,
				404C78092749905F00139434 /* SceneDelegate.swift in Sources */,
			);
			runOnlyForDeploymentPostprocessing = 0;
		};
/* End PBXSourcesBuildPhase section */

/* Begin PBXVariantGroup section */
		404C78112749906100139434 /* LaunchScreen.storyboard */ = {
			isa = PBXVariantGroup;
			children = (
				404C78122749906100139434 /* Base */,
			);
			name = LaunchScreen.storyboard;
			sourceTree = "<group>";
		};
/* End PBXVariantGroup section */

/* Begin XCBuildConfiguration section */
		404C78152749906100139434 /* Debug */ = {
			isa = XCBuildConfiguration;
			buildSettings = {
				ALWAYS_SEARCH_USER_PATHS = NO;
				CLANG_ANALYZER_NONNULL = YES;
				CLANG_ANALYZER_NUMBER_OBJECT_CONVERSION = YES_AGGRESSIVE;
				CLANG_CXX_LANGUAGE_STANDARD = "gnu++17";
				CLANG_CXX_LIBRARY = "libc++";
				CLANG_ENABLE_MODULES = YES;
				CLANG_ENABLE_OBJC_ARC = YES;
				CLANG_ENABLE_OBJC_WEAK = YES;
				CLANG_WARN_BLOCK_CAPTURE_AUTORELEASING = YES;
				CLANG_WARN_BOOL_CONVERSION = YES;
				CLANG_WARN_COMMA = YES;
				CLANG_WARN_CONSTANT_CONVERSION = YES;
				CLANG_WARN_DEPRECATED_OBJC_IMPLEMENTATIONS = YES;
				CLANG_WARN_DIRECT_OBJC_ISA_USAGE = YES_ERROR;
				CLANG_WARN_DOCUMENTATION_COMMENTS = YES;
				CLANG_WARN_EMPTY_BODY = YES;
				CLANG_WARN_ENUM_CONVERSION = YES;
				CLANG_WARN_INFINITE_RECURSION = YES;
				CLANG_WARN_INT_CONVERSION = YES;
				CLANG_WARN_NON_LITERAL_NULL_CONVERSION = YES;
				CLANG_WARN_OBJC_IMPLICIT_RETAIN_SELF = YES;
				CLANG_WARN_OBJC_LITERAL_CONVERSION = YES;
				CLANG_WARN_OBJC_ROOT_CLASS = YES_ERROR;
				CLANG_WARN_QUOTED_INCLUDE_IN_FRAMEWORK_HEADER = YES;
				CLANG_WARN_RANGE_LOOP_ANALYSIS = YES;
				CLANG_WARN_STRICT_PROTOTYPES = YES;
				CLANG_WARN_SUSPICIOUS_MOVE = YES;
				CLANG_WARN_UNGUARDED_AVAILABILITY = YES_AGGRESSIVE;
				CLANG_WARN_UNREACHABLE_CODE = YES;
				CLANG_WARN__DUPLICATE_METHOD_MATCH = YES;
				COPY_PHASE_STRIP = NO;
				DEBUG_INFORMATION_FORMAT = dwarf;
				ENABLE_STRICT_OBJC_MSGSEND = YES;
				ENABLE_TESTABILITY = YES;
				GCC_C_LANGUAGE_STANDARD = gnu11;
				GCC_DYNAMIC_NO_PIC = NO;
				GCC_NO_COMMON_BLOCKS = YES;
				GCC_OPTIMIZATION_LEVEL = 0;
				GCC_PREPROCESSOR_DEFINITIONS = (
					"DEBUG=1",
					"$(inherited)",
				);
				GCC_WARN_64_TO_32_BIT_CONVERSION = YES;
				GCC_WARN_ABOUT_RETURN_TYPE = YES_ERROR;
				GCC_WARN_UNDECLARED_SELECTOR = YES;
				GCC_WARN_UNINITIALIZED_AUTOS = YES_AGGRESSIVE;
				GCC_WARN_UNUSED_FUNCTION = YES;
				GCC_WARN_UNUSED_VARIABLE = YES;
				IPHONEOS_DEPLOYMENT_TARGET = 15.0;
				MTL_ENABLE_DEBUG_INFO = INCLUDE_SOURCE;
				MTL_FAST_MATH = YES;
				ONLY_ACTIVE_ARCH = YES;
				SDKROOT = iphoneos;
				SWIFT_ACTIVE_COMPILATION_CONDITIONS = DEBUG;
				SWIFT_OPTIMIZATION_LEVEL = "-Onone";
			};
			name = Debug;
		};
		404C78162749906100139434 /* Release */ = {
			isa = XCBuildConfiguration;
			buildSettings = {
				ALWAYS_SEARCH_USER_PATHS = NO;
				CLANG_ANALYZER_NONNULL = YES;
				CLANG_ANALYZER_NUMBER_OBJECT_CONVERSION = YES_AGGRESSIVE;
				CLANG_CXX_LANGUAGE_STANDARD = "gnu++17";
				CLANG_CXX_LIBRARY = "libc++";
				CLANG_ENABLE_MODULES = YES;
				CLANG_ENABLE_OBJC_ARC = YES;
				CLANG_ENABLE_OBJC_WEAK = YES;
				CLANG_WARN_BLOCK_CAPTURE_AUTORELEASING = YES;
				CLANG_WARN_BOOL_CONVERSION = YES;
				CLANG_WARN_COMMA = YES;
				CLANG_WARN_CONSTANT_CONVERSION = YES;
				CLANG_WARN_DEPRECATED_OBJC_IMPLEMENTATIONS = YES;
				CLANG_WARN_DIRECT_OBJC_ISA_USAGE = YES_ERROR;
				CLANG_WARN_DOCUMENTATION_COMMENTS = YES;
				CLANG_WARN_EMPTY_BODY = YES;
				CLANG_WARN_ENUM_CONVERSION = YES;
				CLANG_WARN_INFINITE_RECURSION = YES;
				CLANG_WARN_INT_CONVERSION = YES;
				CLANG_WARN_NON_LITERAL_NULL_CONVERSION = YES;
				CLANG_WARN_OBJC_IMPLICIT_RETAIN_SELF = YES;
				CLANG_WARN_OBJC_LITERAL_CONVERSION = YES;
				CLANG_WARN_OBJC_ROOT_CLASS = YES_ERROR;
				CLANG_WARN_QUOTED_INCLUDE_IN_FRAMEWORK_HEADER = YES;
				CLANG_WARN_RANGE_LOOP_ANALYSIS = YES;
				CLANG_WARN_STRICT_PROTOTYPES = YES;
				CLANG_WARN_SUSPICIOUS_MOVE = YES;
				CLANG_WARN_UNGUARDED_AVAILABILITY = YES_AGGRESSIVE;
				CLANG_WARN_UNREACHABLE_CODE = YES;
				CLANG_WARN__DUPLICATE_METHOD_MATCH = YES;
				COPY_PHASE_STRIP = NO;
				DEBUG_INFORMATION_FORMAT = "dwarf-with-dsym";
				ENABLE_NS_ASSERTIONS = NO;
				ENABLE_STRICT_OBJC_MSGSEND = YES;
				GCC_C_LANGUAGE_STANDARD = gnu11;
				GCC_NO_COMMON_BLOCKS = YES;
				GCC_WARN_64_TO_32_BIT_CONVERSION = YES;
				GCC_WARN_ABOUT_RETURN_TYPE = YES_ERROR;
				GCC_WARN_UNDECLARED_SELECTOR = YES;
				GCC_WARN_UNINITIALIZED_AUTOS = YES_AGGRESSIVE;
				GCC_WARN_UNUSED_FUNCTION = YES;
				GCC_WARN_UNUSED_VARIABLE = YES;
				IPHONEOS_DEPLOYMENT_TARGET = 15.0;
				MTL_ENABLE_DEBUG_INFO = NO;
				MTL_FAST_MATH = YES;
				SDKROOT = iphoneos;
				SWIFT_COMPILATION_MODE = wholemodule;
				SWIFT_OPTIMIZATION_LEVEL = "-O";
				VALIDATE_PRODUCT = YES;
			};
			name = Release;
		};
		404C78182749906100139434 /* Debug */ = {
			isa = XCBuildConfiguration;
			buildSettings = {
				ASSETCATALOG_COMPILER_APPICON_NAME = AppIcon;
				ASSETCATALOG_COMPILER_GLOBAL_ACCENT_COLOR_NAME = AccentColor;
				CODE_SIGN_STYLE = Automatic;
				CURRENT_PROJECT_VERSION = 1;
				GENERATE_INFOPLIST_FILE = YES;
				INFOPLIST_FILE = RoutyDemo/Info.plist;
				INFOPLIST_KEY_UIApplicationSupportsIndirectInputEvents = YES;
				INFOPLIST_KEY_UILaunchStoryboardName = LaunchScreen;
				INFOPLIST_KEY_UISupportedInterfaceOrientations_iPad = "UIInterfaceOrientationPortrait UIInterfaceOrientationPortraitUpsideDown UIInterfaceOrientationLandscapeLeft UIInterfaceOrientationLandscapeRight";
				INFOPLIST_KEY_UISupportedInterfaceOrientations_iPhone = "UIInterfaceOrientationPortrait UIInterfaceOrientationLandscapeLeft UIInterfaceOrientationLandscapeRight";
				LD_RUNPATH_SEARCH_PATHS = (
					"$(inherited)",
					"@executable_path/Frameworks",
				);
				MARKETING_VERSION = 1.0;
				PRODUCT_BUNDLE_IDENTIFIER = dev.nsurl.RoutyDemo;
				PRODUCT_NAME = "$(TARGET_NAME)";
				SWIFT_EMIT_LOC_STRINGS = YES;
				SWIFT_VERSION = 5.0;
				TARGETED_DEVICE_FAMILY = "1,2";
			};
			name = Debug;
		};
		404C78192749906100139434 /* Release */ = {
			isa = XCBuildConfiguration;
			buildSettings = {
				ASSETCATALOG_COMPILER_APPICON_NAME = AppIcon;
				ASSETCATALOG_COMPILER_GLOBAL_ACCENT_COLOR_NAME = AccentColor;
				CODE_SIGN_STYLE = Automatic;
				CURRENT_PROJECT_VERSION = 1;
				GENERATE_INFOPLIST_FILE = YES;
				INFOPLIST_FILE = RoutyDemo/Info.plist;
				INFOPLIST_KEY_UIApplicationSupportsIndirectInputEvents = YES;
				INFOPLIST_KEY_UILaunchStoryboardName = LaunchScreen;
				INFOPLIST_KEY_UISupportedInterfaceOrientations_iPad = "UIInterfaceOrientationPortrait UIInterfaceOrientationPortraitUpsideDown UIInterfaceOrientationLandscapeLeft UIInterfaceOrientationLandscapeRight";
				INFOPLIST_KEY_UISupportedInterfaceOrientations_iPhone = "UIInterfaceOrientationPortrait UIInterfaceOrientationLandscapeLeft UIInterfaceOrientationLandscapeRight";
				LD_RUNPATH_SEARCH_PATHS = (
					"$(inherited)",
					"@executable_path/Frameworks",
				);
				MARKETING_VERSION = 1.0;
				PRODUCT_BUNDLE_IDENTIFIER = dev.nsurl.RoutyDemo;
				PRODUCT_NAME = "$(TARGET_NAME)";
				SWIFT_EMIT_LOC_STRINGS = YES;
				SWIFT_VERSION = 5.0;
				TARGETED_DEVICE_FAMILY = "1,2";
			};
			name = Release;
		};
/* End XCBuildConfiguration section */

/* Begin XCConfigurationList section */
		404C77FE2749905F00139434 /* Build configuration list for PBXProject "RoutyDemo" */ = {
			isa = XCConfigurationList;
			buildConfigurations = (
				404C78152749906100139434 /* Debug */,
				404C78162749906100139434 /* Release */,
			);
			defaultConfigurationIsVisible = 0;
			defaultConfigurationName = Release;
		};
		404C78172749906100139434 /* Build configuration list for PBXNativeTarget "RoutyDemo" */ = {
			isa = XCConfigurationList;
			buildConfigurations = (
				404C78182749906100139434 /* Debug */,
				404C78192749906100139434 /* Release */,
			);
			defaultConfigurationIsVisible = 0;
			defaultConfigurationName = Release;
		};
/* End XCConfigurationList section */

/* Begin XCSwiftPackageProductDependency section */
		404C781D2749910000139434 /* Routy */ = {
			isa = XCSwiftPackageProductDependency;
			productName = Routy;
		};
		404C781F2749A6A900139434 /* RoutyIOS */ = {
			isa = XCSwiftPackageProductDependency;
			productName = RoutyIOS;
		};
/* End XCSwiftPackageProductDependency section */
	};
	rootObject = 404C77FB2749905F00139434 /* Project object */;
}
